
Microsoft Visual Studio Solution File, Format Version 12.00
# Visual Studio Version 17
VisualStudioVersion = 17.6.33815.320
MinimumVisualStudioVersion = 10.0.40219.1
Project("{FAE04EC0-301F-11D3-BF4B-00C04F79EFBC}") = "RestaurantDashboard", "RestaurantDashboard\RestaurantDashboard.csproj", "{03465004-8C0B-491E-8223-D07063A4299B}"
EndProject
Global
	GlobalSection(SolutionConfigurationPlatforms) = preSolution
		Debug|Any CPU = Debug|Any CPU
		Release|Any CPU = Release|Any CPU
	EndGlobalSection
	GlobalSection(ProjectConfigurationPlatforms) = postSolution
		{03465004-8C0B-491E-8223-D07063A4299B}.Debug|Any CPU.ActiveCfg = Debug|Any CPU
		{03465004-8C0B-491E-8223-D07063A4299B}.Debug|Any CPU.Build.0 = Debug|Any CPU
		{03465004-8C0B-491E-8223-D07063A4299B}.Release|Any CPU.ActiveCfg = Release|Any CPU
		{03465004-8C0B-491E-8223-D07063A4299B}.Release|Any CPU.Build.0 = Release|Any CPU
	EndGlobalSection
	GlobalSection(SolutionProperties) = preSolution
		HideSolutionNode = FALSE
	EndGlobalSection
	GlobalSection(ExtensibilityGlobals) = postSolution
		SolutionGuid = {40036D66-B660-41CD-8ED1-4AB152D87E7E}
	EndGlobalSection
EndGlobal
